
Microsoft Visual Studio Solution File, Format Version 12.00
# Visual Studio Version 16
VisualStudioVersion = 16.0.34902.97
MinimumVisualStudioVersion = 10.0.40219.1
Project("{FAE04EC0-301F-11D3-BF4B-00C04F79EFBC}") = "TestMVCFrameworkProject", "TestMVCFrameworkProject\TestMVCFrameworkProject.csproj", "{D71259B6-E601-4411-BBEB-5FC8044B095B}"
EndProject
Global
	GlobalSection(SolutionConfigurationPlatforms) = preSolution
		Debug|Any CPU = Debug|Any CPU
		Release|Any CPU = Release|Any CPU
	EndGlobalSection
	GlobalSection(ProjectConfigurationPlatforms) = postSolution
		{D71259B6-E601-4411-BBEB-5FC8044B095B}.Debug|Any CPU.ActiveCfg = Debug|Any CPU
		{D71259B6-E601-4411-BBEB-5FC8044B095B}.Debug|Any CPU.Build.0 = Debug|Any CPU
		{D71259B6-E601-4411-BBEB-5FC8044B095B}.Release|Any CPU.ActiveCfg = Release|Any CPU
		{D71259B6-E601-4411-BBEB-5FC8044B095B}.Release|Any CPU.Build.0 = Release|Any CPU
	EndGlobalSection
	GlobalSection(SolutionProperties) = preSolution
		HideSolutionNode = FALSE
	EndGlobalSection
	GlobalSection(ExtensibilityGlobals) = postSolution
		SolutionGuid = {EFD87724-20E0-48EB-A1F0-7BF3A1B567CC}
	EndGlobalSection
EndGlobal
